
Microsoft Visual Studio Solution File, Format Version 12.00
# Visual Studio 15
VisualStudioVersion = 15.0.27428.2037
MinimumVisualStudioVersion = 10.0.40219.1
Project("{9A19103F-16F7-4668-BE54-9A1E7A4F7556}") = "Library.Entities", "Library.Entities\Library.Entities.csproj", "{48CBF8E4-F142-494B-A67E-298287F84755}"
EndProject
Project("{9A19103F-16F7-4668-BE54-9A1E7A4F7556}") = "Library.DAL", "Library.DAL\Library.DAL.csproj", "{5A85C4EE-DD87-45D9-8BFA-6EFBBE174B6B}"
EndProject
Project("{9A19103F-16F7-4668-BE54-9A1E7A4F7556}") = "Library.BLL", "Library.BLL\Library.BLL.csproj", "{84A292DA-79D5-4BB2-B13B-04767166B927}"
EndProject
Project("{9A19103F-16F7-4668-BE54-9A1E7A4F7556}") = "Library.ViewEntities", "Library.ViewEntities\Library.ViewEntities.csproj", "{8BA82F45-2A2D-4BF5-B470-282D4DC7B4B9}"
EndProject
Project("{9A19103F-16F7-4668-BE54-9A1E7A4F7556}") = "Library", "Library\Library.csproj", "{F55531FD-E9B2-4D50-9DCB-0D7BEAA0858E}"
EndProject
Global
	GlobalSection(SolutionConfigurationPlatforms) = preSolution
		Debug|Any CPU = Debug|Any CPU
		Release|Any CPU = Release|Any CPU
	EndGlobalSection
	GlobalSection(ProjectConfigurationPlatforms) = postSolution
		{48CBF8E4-F142-494B-A67E-298287F84755}.Debug|Any CPU.ActiveCfg = Debug|Any CPU
		{48CBF8E4-F142-494B-A67E-298287F84755}.Debug|Any CPU.Build.0 = Debug|Any CPU
		{48CBF8E4-F142-494B-A67E-298287F84755}.Release|Any CPU.ActiveCfg = Release|Any CPU
		{48CBF8E4-F142-494B-A67E-298287F84755}.Release|Any CPU.Build.0 = Release|Any CPU
		{5A85C4EE-DD87-45D9-8BFA-6EFBBE174B6B}.Debug|Any CPU.ActiveCfg = Debug|Any CPU
		{5A85C4EE-DD87-45D9-8BFA-6EFBBE174B6B}.Debug|Any CPU.Build.0 = Debug|Any CPU
		{5A85C4EE-DD87-45D9-8BFA-6EFBBE174B6B}.Release|Any CPU.ActiveCfg = Release|Any CPU
		{5A85C4EE-DD87-45D9-8BFA-6EFBBE174B6B}.Release|Any CPU.Build.0 = Release|Any CPU
		{84A292DA-79D5-4BB2-B13B-04767166B927}.Debug|Any CPU.ActiveCfg = Debug|Any CPU
		{84A292DA-79D5-4BB2-B13B-04767166B927}.Debug|Any CPU.Build.0 = Debug|Any CPU
		{84A292DA-79D5-4BB2-B13B-04767166B927}.Release|Any CPU.ActiveCfg = Release|Any CPU
		{84A292DA-79D5-4BB2-B13B-04767166B927}.Release|Any CPU.Build.0 = Release|Any CPU
		{8BA82F45-2A2D-4BF5-B470-282D4DC7B4B9}.Debug|Any CPU.ActiveCfg = Debug|Any CPU
		{8BA82F45-2A2D-4BF5-B470-282D4DC7B4B9}.Debug|Any CPU.Build.0 = Debug|Any CPU
		{8BA82F45-2A2D-4BF5-B470-282D4DC7B4B9}.Release|Any CPU.ActiveCfg = Release|Any CPU
		{8BA82F45-2A2D-4BF5-B470-282D4DC7B4B9}.Release|Any CPU.Build.0 = Release|Any CPU
		{F55531FD-E9B2-4D50-9DCB-0D7BEAA0858E}.Debug|Any CPU.ActiveCfg = Debug|Any CPU
		{F55531FD-E9B2-4D50-9DCB-0D7BEAA0858E}.Debug|Any CPU.Build.0 = Debug|Any CPU
		{F55531FD-E9B2-4D50-9DCB-0D7BEAA0858E}.Release|Any CPU.ActiveCfg = Release|Any CPU
		{F55531FD-E9B2-4D50-9DCB-0D7BEAA0858E}.Release|Any CPU.Build.0 = Release|Any CPU
	EndGlobalSection
	GlobalSection(SolutionProperties) = preSolution
		HideSolutionNode = FALSE
	EndGlobalSection
	GlobalSection(ExtensibilityGlobals) = postSolution
		SolutionGuid = {3B185A99-C914-4AAB-BD69-4733C8BF0F34}
	EndGlobalSection
EndGlobal
